[[package]]
category = "main"
description = "Python package for providing Mozilla's CA Bundle."
name = "certifi"
optional = false
python-versions = "*"
version = "2019.6.16"

[[package]]
category = "main"
description = "Universal encoding detector for Python 2 and 3"
name = "chardet"
optional = false
python-versions = "*"
version = "3.0.4"

[[package]]
category = "main"
description = "Official Dropbox API Client"
name = "dropbox"
optional = false
python-versions = "*"
version = "9.4.0"

[package.dependencies]
requests = ">=2.16.2"
six = ">=1.3.0"

[[package]]
category = "main"
description = "Internationalized Domain Names in Applications (IDNA)"
name = "idna"
optional = false
python-versions = ">=2.7, !=3.0.*, !=3.1.*, !=3.2.*, !=3.3.*"
version = "2.8"

[[package]]
category = "main"
description = "a little orm"
name = "peewee"
optional = false
python-versions = "*"
version = "3.9.6"

[[package]]
category = "main"
description = "api wrapper for getpocket.com"
name = "pocket"
optional = false
python-versions = "*"
version = "0.3.6"

[package.dependencies]
requests = "*"

[[package]]
category = "main"
description = "PRAW, an acronym for `Python Reddit API Wrapper`, is a python package that allows for simple access to reddit's API."
name = "praw"
optional = false
python-versions = "*"
version = "6.3.1"

[package.dependencies]
prawcore = ">=1.0.1,<2.0"
update-checker = ">=0.16"
websocket-client = ">=0.54.0"

[[package]]
category = "main"
description = "Low-level communication layer for PRAW 4+."
name = "prawcore"
optional = false
python-versions = "*"
version = "1.0.1"

[package.dependencies]
requests = ">=2.6.0,<3.0"

[[package]]
category = "main"
description = "A simple python client for pushbullet.com"
name = "pushbullet.py"
optional = false
python-versions = "*"
version = "0.11.0"

[package.dependencies]
python-magic = "*"
requests = ">=1.0.0"
websocket-client = "*"

[[package]]
category = "main"
description = "File type identification using libmagic"
name = "python-magic"
optional = false
python-versions = "*"
version = "0.4.15"

[[package]]
category = "main"
description = "Python HTTP for Humans."
name = "requests"
optional = false
python-versions = ">=2.7, !=3.0.*, !=3.1.*, !=3.2.*, !=3.3.*"
version = "2.21.0"

[package.dependencies]
certifi = ">=2017.4.17"
chardet = ">=3.0.2,<3.1.0"
idna = ">=2.5,<2.9"
urllib3 = ">=1.21.1,<1.25"

[[package]]
category = "main"
description = "Python 2 and 3 compatibility utilities"
name = "six"
optional = false
python-versions = ">=2.6, !=3.0.*, !=3.1.*"
version = "1.12.0"

[[package]]
category = "main"
description = "A python module that will check for package updates."
name = "update-checker"
optional = false
python-versions = "*"
version = "0.16"

[package.dependencies]
requests = ">=2.3.0"

[[package]]
category = "main"
description = "HTTP library with thread-safe connection pooling, file post, and more."
name = "urllib3"
optional = false
python-versions = ">=2.7, !=3.0.*, !=3.1.*, !=3.2.*, !=3.3.*, <4"
version = "1.24.3"

[[package]]
category = "main"
description = "WebSocket client for Python. hybi13 is supported."
name = "websocket-client"
optional = false
python-versions = ">=2.6, !=3.0.*, !=3.1.*, !=3.2.*, !=3.3.*"
version = "0.56.0"

[package.dependencies]
six = "*"

[metadata]
content-hash = "b1463cfb8b963c3fc375f030804e2d3f6f22bfa4a2fe5590cda234b8509d4aa4"
python-versions = "~2.7 || ^3.4"

[metadata.hashes]
certifi = ["046832c04d4e752f37383b628bc601a7ea7211496b4638f6514d0e5b9acc4939", "945e3ba63a0b9f577b1395204e13c3a231f9bc0223888be653286534e5873695"]
chardet = ["84ab92ed1c4d4f16916e05906b6b75a6c0fb5db821cc65e70cbd64a3e2a5eaae", "fc323ffcaeaed0e0a02bf4d117757b98aed530d9ed4531e3e15460124c106691"]
dropbox = ["436e0eee932d849879dd4c35e583a692dfb8ad360e81763fa1cb288b49022d62", "519f48497600edeec595ece2a30be8579522b8ac36ceb80953bbd6d36be85c0c", "bf9ff242f487119449b2d8de12d463a3540c5a922e979f1bb00571af71190d19"]
idna = ["c357b3f628cf53ae2c4c05627ecc484553142ca23264e593d327bcde5e9c3407", "ea8b7f6188e6fa117537c3df7da9fc686d485087abf6ac197f9c46432f7e4a3c"]
peewee = ["bc879e1ffb7f7684f90d9dd236c77b5042118d079f94764f35e3806948829ac8"]
pocket = ["798aa87dac7e009332c4997a1c9f74c93885c762faae1efbb5f4c5fc0713cc74", "907bf16a19fae9c2080f799d979de4c8daa36d6d28e86ceb9fc17d6f0bdb89b9"]
praw = ["bf004df19989756e9c5aac5cefdb7d8779760f1ec2f1e9b1d6a2195cc1099d96", "cc2f5f46f9041b843f245b47097e8c2f63881a3e11a223c1b5eee5cd02fa9d87"]
prawcore = ["25dd14bf121bc0ad2ffc78e2322d9a01a516017105a5596cc21bb1e9a928b40c", "ab5558efb438aa73fc66c4178bfc809194dea3ce2addf4dec873de7e2fd2824e"]
"pushbullet.py" = ["784e4b1549e1312ed55c44ff9b8f7502987a5609f6d2511c1f4900c5b451ac19", "aa9dc7bb46e083e3497d46241154f12944a8f540e29d150330ca94db0b453b8d"]
python-magic = ["f2674dcfad52ae6c49d4803fa027809540b130db1dec928cfbb9240316831375", "f3765c0f582d2dfc72c15f3b5a82aecfae9498bd29ca840d72f37d7bd38bfcd5"]
requests = ["502a824f31acdacb3a35b6690b5fbf0bc41d63a24a45c4004352b0242707598e", "7bf2a778576d825600030a110f3c0e3e8edc51dfaafe1c146e39a2027784957b"]
six = ["3350809f0555b11f552448330d0b52d5f24c91a322ea4a15ef22629740f3761c", "d16a0141ec1a18405cd4ce8b4613101da75da0e9a7aec5bdd4fa804d0e0eba73"]
update-checker = ["59cfad7f9a0ee99f95f1dfc60f55bf184937bcab46a7270341c2c33695572453", "70e39446fccf77b21192cf7a8214051fa93a636dc3b5c8b602b589d100a168b8"]
urllib3 = ["2393a695cd12afedd0dcb26fe5d50d0cf248e5a66f75dbd89a3d4eb333a61af4", "a637e5fae88995b256e3409dc4d52c2e2e0ba32c42a6365fee8bbd2238de3cfb"]
websocket-client = ["1151d5fb3a62dc129164292e1227655e4bbc5dd5340a5165dfae61128ec50aa9", "1fd5520878b68b84b5748bb30e592b10d0a91529d5383f74f4964e72b297fd3a"]
