[[package]]
name = "certifi"
version = "2020.12.5"
description = "Python package for providing Mozilla's CA Bundle."
category = "main"
optional = false
python-versions = "*"

[[package]]
name = "chardet"
version = "3.0.4"
description = "Universal encoding detector for Python 2 and 3"
category = "main"
optional = false
python-versions = "*"

[[package]]
name = "dropbox"
version = "9.5.0"
description = "Official Dropbox API Client"
category = "main"
optional = false
python-versions = "*"

[package.dependencies]
requests = ">=2.16.2"
six = ">=1.3.0"

[[package]]
name = "idna"
version = "2.8"
description = "Internationalized Domain Names in Applications (IDNA)"
category = "main"
optional = false
python-versions = ">=2.7, !=3.0.*, !=3.1.*, !=3.2.*, !=3.3.*"

[[package]]
name = "peewee"
version = "3.14.0"
description = "a little orm"
category = "main"
optional = false
python-versions = "*"

[[package]]
name = "pocket"
version = "0.3.6"
description = "api wrapper for getpocket.com"
category = "main"
optional = false
python-versions = "*"

[package.dependencies]
requests = "*"

[[package]]
name = "praw"
version = "6.3.1"
description = "PRAW, an acronym for `Python Reddit API Wrapper`, is a python package that allows for simple access to reddit's API."
category = "main"
optional = false
python-versions = "*"

[package.dependencies]
prawcore = ">=1.0.1,<2.0"
update-checker = ">=0.16"
websocket-client = ">=0.54.0"

[package.extras]
dev = ["pre-commit"]

[[package]]
name = "prawcore"
version = "1.4.0"
description = "Low-level communication layer for PRAW 4+."
category = "main"
optional = false
python-versions = "*"

[package.dependencies]
requests = ">=2.6.0,<3.0"

[package.extras]
ci = ["coveralls"]
dev = ["black", "flake8", "pre-commit", "pydocstyle", "betamax (>=0.8,<0.9)", "betamax-matchers (>=0.4.0,<0.5)", "betamax-serializers (>=0.2.0,<0.3)", "mock (>=0.8)", "pytest", "testfixtures (>4.13.2,<7)"]
lint = ["black", "flake8", "pre-commit", "pydocstyle"]
test = ["betamax (>=0.8,<0.9)", "betamax-matchers (>=0.4.0,<0.5)", "betamax-serializers (>=0.2.0,<0.3)", "mock (>=0.8)", "pytest", "testfixtures (>4.13.2,<7)"]

[[package]]
name = "pushbullet.py"
version = "0.11.2"
description = "A simple python client for pushbullet.com"
category = "main"
optional = false
python-versions = "*"

[package.dependencies]
python-magic = "*"
requests = ">=1.0.0"
websocket-client = ">=0.53.0"

[[package]]
name = "python-magic"
version = "0.4.15"
description = "File type identification using libmagic"
category = "main"
optional = false
python-versions = "*"

[[package]]
name = "requests"
version = "2.21.0"
description = "Python HTTP for Humans."
category = "main"
optional = false
python-versions = ">=2.7, !=3.0.*, !=3.1.*, !=3.2.*, !=3.3.*"

[package.dependencies]
certifi = ">=2017.4.17"
chardet = ">=3.0.2,<3.1.0"
idna = ">=2.5,<2.9"
urllib3 = ">=1.21.1,<1.25"

[package.extras]
security = ["pyOpenSSL (>=0.14)", "cryptography (>=1.3.4)", "idna (>=2.0.0)"]
socks = ["PySocks (>=1.5.6,!=1.5.7)", "win-inet-pton"]

[[package]]
name = "six"
version = "1.15.0"
description = "Python 2 and 3 compatibility utilities"
category = "main"
optional = false
python-versions = ">=2.7, !=3.0.*, !=3.1.*, !=3.2.*"

[[package]]
name = "update-checker"
version = "0.18.0"
description = "A python module that will check for package updates."
category = "main"
optional = false
python-versions = "*"

[package.dependencies]
requests = ">=2.3.0"

[package.extras]
dev = ["black", "flake8", "pytest (>=2.7.3)"]
lint = ["black", "flake8"]
test = ["pytest (>=2.7.3)"]

[[package]]
name = "urllib3"
version = "1.24.3"
description = "HTTP library with thread-safe connection pooling, file post, and more."
category = "main"
optional = false
python-versions = ">=2.7, !=3.0.*, !=3.1.*, !=3.2.*, !=3.3.*, <4"

[package.extras]
secure = ["pyOpenSSL (>=0.14)", "cryptography (>=1.3.4)", "idna (>=2.0.0)", "certifi", "ipaddress"]
socks = ["PySocks (>=1.5.6,!=1.5.7,<2.0)"]

[[package]]
name = "websocket-client"
version = "0.57.0"
description = "WebSocket client for Python. hybi13 is supported."
category = "main"
optional = false
python-versions = ">=2.6, !=3.0.*, !=3.1.*, !=3.2.*, !=3.3.*"

[package.dependencies]
six = "*"

[metadata]
lock-version = "1.1"
python-versions = "~2.7 || ^3.4"
content-hash = "b1463cfb8b963c3fc375f030804e2d3f6f22bfa4a2fe5590cda234b8509d4aa4"

[metadata.files]
certifi = [
    {file = "certifi-2020.12.5-py2.py3-none-any.whl", hash = "sha256:719a74fb9e33b9bd44cc7f3a8d94bc35e4049deebe19ba7d8e108280cfd59830"},
    {file = "certifi-2020.12.5.tar.gz", hash = "sha256:1a4995114262bffbc2413b159f2a1a480c969de6e6eb13ee966d470af86af59c"},
]
chardet = [
    {file = "chardet-3.0.4-py2.py3-none-any.whl", hash = "sha256:fc323ffcaeaed0e0a02bf4d117757b98aed530d9ed4531e3e15460124c106691"},
    {file = "chardet-3.0.4.tar.gz", hash = "sha256:84ab92ed1c4d4f16916e05906b6b75a6c0fb5db821cc65e70cbd64a3e2a5eaae"},
]
dropbox = [
    {file = "dropbox-9.5.0-py2-none-any.whl", hash = "sha256:0a65a0296b0288479741d341e62668774d2ef2eb139e47c3202da5f29a0221c9"},
    {file = "dropbox-9.5.0-py3-none-any.whl", hash = "sha256:55b06eabcea1d52774d68f9d2bf9922f58bad92ba23db04c9add8b6ae8548498"},
    {file = "dropbox-9.5.0.tar.gz", hash = "sha256:118a0c376cb9e7db63b2dbf560ba5c966cf1f0bfef7b67d4842ce123c383e947"},
]
idna = [
    {file = "idna-2.8-py2.py3-none-any.whl", hash = "sha256:ea8b7f6188e6fa117537c3df7da9fc686d485087abf6ac197f9c46432f7e4a3c"},
    {file = "idna-2.8.tar.gz", hash = "sha256:c357b3f628cf53ae2c4c05627ecc484553142ca23264e593d327bcde5e9c3407"},
]
peewee = [
    {file = "peewee-3.14.0.tar.gz", hash = "sha256:59c5ef43877029b9133d87001dcc425525de231d1f983cece8828197fb4b84fa"},
]
pocket = [
    {file = "pocket-0.3.6.tar.gz", hash = "sha256:907bf16a19fae9c2080f799d979de4c8daa36d6d28e86ceb9fc17d6f0bdb89b9"},
    {file = "pocket-0.3.6.zip", hash = "sha256:798aa87dac7e009332c4997a1c9f74c93885c762faae1efbb5f4c5fc0713cc74"},
]
praw = [
    {file = "praw-6.3.1-py2.py3-none-any.whl", hash = "sha256:cc2f5f46f9041b843f245b47097e8c2f63881a3e11a223c1b5eee5cd02fa9d87"},
    {file = "praw-6.3.1.tar.gz", hash = "sha256:bf004df19989756e9c5aac5cefdb7d8779760f1ec2f1e9b1d6a2195cc1099d96"},
]
prawcore = [
    {file = "prawcore-1.4.0-py3-none-any.whl", hash = "sha256:4c372183f1926efe8914476864705fa84234a9ca158f32046962788d6129a518"},
    {file = "prawcore-1.4.0.tar.gz", hash = "sha256:cf71388d869becbcbdfd90258b19d2173c197a457f2dd0bef0566b6cfb9b95a1"},
]
"pushbullet.py" = [
    {file = "pushbullet.py-0.11.2-py2.py3-none-any.whl", hash = "sha256:ddd4b6ab4233be6e423c27e4cba16157cf57b0e1ca93bf24b17430bc7bf669cc"},
    {file = "pushbullet.py-0.11.2.tar.gz", hash = "sha256:caeed2788141695aaf6e443131f97fc855f56cebfd7fb9eb1c53498bf00c76cc"},
]
python-magic = [
    {file = "python-magic-0.4.15.tar.gz", hash = "sha256:f3765c0f582d2dfc72c15f3b5a82aecfae9498bd29ca840d72f37d7bd38bfcd5"},
    {file = "python_magic-0.4.15-py2.py3-none-any.whl", hash = "sha256:f2674dcfad52ae6c49d4803fa027809540b130db1dec928cfbb9240316831375"},
]
requests = [
    {file = "requests-2.21.0-py2.py3-none-any.whl", hash = "sha256:7bf2a778576d825600030a110f3c0e3e8edc51dfaafe1c146e39a2027784957b"},
    {file = "requests-2.21.0.tar.gz", hash = "sha256:502a824f31acdacb3a35b6690b5fbf0bc41d63a24a45c4004352b0242707598e"},
]
six = [
    {file = "six-1.15.0-py2.py3-none-any.whl", hash = "sha256:8b74bedcbbbaca38ff6d7491d76f2b06b3592611af620f8426e82dddb04a5ced"},
    {file = "six-1.15.0.tar.gz", hash = "sha256:30639c035cdb23534cd4aa2dd52c3bf48f06e5f4a941509c8bafd8ce11080259"},
]
update-checker = [
    {file = "update_checker-0.18.0-py3-none-any.whl", hash = "sha256:cbba64760a36fe2640d80d85306e8fe82b6816659190993b7bdabadee4d4bbfd"},
    {file = "update_checker-0.18.0.tar.gz", hash = "sha256:6a2d45bb4ac585884a6b03f9eade9161cedd9e8111545141e9aa9058932acb13"},
]
urllib3 = [
    {file = "urllib3-1.24.3-py2.py3-none-any.whl", hash = "sha256:a637e5fae88995b256e3409dc4d52c2e2e0ba32c42a6365fee8bbd2238de3cfb"},
    {file = "urllib3-1.24.3.tar.gz", hash = "sha256:2393a695cd12afedd0dcb26fe5d50d0cf248e5a66f75dbd89a3d4eb333a61af4"},
]
websocket-client = [
    {file = "websocket_client-0.57.0-py2.py3-none-any.whl", hash = "sha256:0fc45c961324d79c781bab301359d5a1b00b13ad1b10415a4780229ef71a5549"},
    {file = "websocket_client-0.57.0.tar.gz", hash = "sha256:d735b91d6d1692a6a181f2a8c9e0238e5f6373356f561bb9dc4c7af36f452010"},
]
